
Microsoft Visual Studio Solution File, Format Version 12.00
# Visual Studio 14
VisualStudioVersion = 14.0.25123.0
MinimumVisualStudioVersion = 10.0.40219.1
Project("{FAE04EC0-301F-11D3-BF4B-00C04F79EFBC}") = "NetworkDemo", "NetworkDemo\NetworkDemo.csproj", "{9BA7B6C2-599D-44A2-8633-C267D6CB4EDC}"
EndProject
Project("{FAE04EC0-301F-11D3-BF4B-00C04F79EFBC}") = "PingDemo", "PingDemo\PingDemo.csproj", "{6B47A4C2-C8A7-4442-9113-C6E2AFA58CF4}"
EndProject
Global
	GlobalSection(SolutionConfigurationPlatforms) = preSolution
		Debug|Any CPU = Debug|Any CPU
		Release|Any CPU = Release|Any CPU
	EndGlobalSection
	GlobalSection(ProjectConfigurationPlatforms) = postSolution
		{9BA7B6C2-599D-44A2-8633-C267D6CB4EDC}.Debug|Any CPU.ActiveCfg = Debug|Any CPU
		{9BA7B6C2-599D-44A2-8633-C267D6CB4EDC}.Debug|Any CPU.Build.0 = Debug|Any CPU
		{9BA7B6C2-599D-44A2-8633-C267D6CB4EDC}.Release|Any CPU.ActiveCfg = Release|Any CPU
		{9BA7B6C2-599D-44A2-8633-C267D6CB4EDC}.Release|Any CPU.Build.0 = Release|Any CPU
		{6B47A4C2-C8A7-4442-9113-C6E2AFA58CF4}.Debug|Any CPU.ActiveCfg = Debug|Any CPU
		{6B47A4C2-C8A7-4442-9113-C6E2AFA58CF4}.Debug|Any CPU.Build.0 = Debug|Any CPU
		{6B47A4C2-C8A7-4442-9113-C6E2AFA58CF4}.Release|Any CPU.ActiveCfg = Release|Any CPU
		{6B47A4C2-C8A7-4442-9113-C6E2AFA58CF4}.Release|Any CPU.Build.0 = Release|Any CPU
	EndGlobalSection
	GlobalSection(SolutionProperties) = preSolution
		HideSolutionNode = FALSE
	EndGlobalSection
EndGlobal
