
Microsoft Visual Studio Solution File, Format Version 12.00
# Visual Studio 15
VisualStudioVersion = 15.0.26730.15
MinimumVisualStudioVersion = 10.0.40219.1
Project("{9A19103F-16F7-4668-BE54-9A1E7A4F7556}") = "Multiway", "Multiway\Multiway.csproj", "{09A595DB-5476-43AC-8F28-117ED25272C5}"
EndProject
Project("{9A19103F-16F7-4668-BE54-9A1E7A4F7556}") = "SearchResearch", "SearchResearch\SearchResearch.csproj", "{641B1EC4-1F99-4AFD-B4DE-92801DD569AF}"
EndProject
Project("{9A19103F-16F7-4668-BE54-9A1E7A4F7556}") = "SortResearch", "SortResearch\SortResearch.csproj", "{49F4391B-F4CE-4592-A267-EA86B73B9D74}"
EndProject
Project("{9A19103F-16F7-4668-BE54-9A1E7A4F7556}") = "GraphResearch", "GraphResearch\GraphResearch.csproj", "{72ECAF66-E73B-4717-9210-6EEB579C0D52}"
EndProject
Project("{9A19103F-16F7-4668-BE54-9A1E7A4F7556}") = "Basic", "Basic\Basic.csproj", "{9C19CD7A-71EA-4EE5-99B0-9710FBF28237}"
EndProject
Project("{9A19103F-16F7-4668-BE54-9A1E7A4F7556}") = "StringResearch", "StringResearch\StringResearch.csproj", "{1B7775B5-FB4C-43AE-BD77-91F831D5A1A9}"
EndProject
Project("{9A19103F-16F7-4668-BE54-9A1E7A4F7556}") = "Classic", "Classic\Classic.csproj", "{CBA1328C-D9D3-4FCC-AEE9-B9372A75CE7E}"
EndProject
Project("{9A19103F-16F7-4668-BE54-9A1E7A4F7556}") = "BinaryTree", "BinaryTree\BinaryTree.csproj", "{48E9AD2C-C0A8-4D77-92E4-E8A5256B12A5}"
EndProject
Project("{9A19103F-16F7-4668-BE54-9A1E7A4F7556}") = "LinkedList", "LinkedList\LinkedList.csproj", "{08793AA3-B561-45A6-BC49-15C0BAD37C67}"
EndProject
Project("{9A19103F-16F7-4668-BE54-9A1E7A4F7556}") = "Array", "Array\Array.csproj", "{237C34F8-F1C1-4B06-9E64-51DB020328BC}"
EndProject
Project("{9A19103F-16F7-4668-BE54-9A1E7A4F7556}") = "Matrix", "Matrix\Matrix.csproj", "{E3E00407-7D0F-420C-AB0A-6456BAA6ABC3}"
EndProject
Project("{9A19103F-16F7-4668-BE54-9A1E7A4F7556}") = "Graph", "Graph\Graph.csproj", "{F9175A7C-272B-4D9A-97EE-A6938F7D4687}"
EndProject
Project("{9A19103F-16F7-4668-BE54-9A1E7A4F7556}") = "String", "String\String.csproj", "{86020929-7849-41DA-B6E0-42CE7E909E25}"
EndProject
Project("{9A19103F-16F7-4668-BE54-9A1E7A4F7556}") = "Bit", "Bit\Bit.csproj", "{0B92C886-07C6-4FD9-B445-D674E01A7004}"
EndProject
Project("{9A19103F-16F7-4668-BE54-9A1E7A4F7556}") = "Dp", "Dp\Dp.csproj", "{89FE854C-15D8-4D3F-803F-150778F4F973}"
EndProject
Global
	GlobalSection(SolutionConfigurationPlatforms) = preSolution
		Debug|Any CPU = Debug|Any CPU
		Release|Any CPU = Release|Any CPU
	EndGlobalSection
	GlobalSection(ProjectConfigurationPlatforms) = postSolution
		{09A595DB-5476-43AC-8F28-117ED25272C5}.Debug|Any CPU.ActiveCfg = Debug|Any CPU
		{09A595DB-5476-43AC-8F28-117ED25272C5}.Debug|Any CPU.Build.0 = Debug|Any CPU
		{09A595DB-5476-43AC-8F28-117ED25272C5}.Release|Any CPU.ActiveCfg = Release|Any CPU
		{09A595DB-5476-43AC-8F28-117ED25272C5}.Release|Any CPU.Build.0 = Release|Any CPU
		{641B1EC4-1F99-4AFD-B4DE-92801DD569AF}.Debug|Any CPU.ActiveCfg = Debug|Any CPU
		{641B1EC4-1F99-4AFD-B4DE-92801DD569AF}.Debug|Any CPU.Build.0 = Debug|Any CPU
		{641B1EC4-1F99-4AFD-B4DE-92801DD569AF}.Release|Any CPU.ActiveCfg = Release|Any CPU
		{641B1EC4-1F99-4AFD-B4DE-92801DD569AF}.Release|Any CPU.Build.0 = Release|Any CPU
		{49F4391B-F4CE-4592-A267-EA86B73B9D74}.Debug|Any CPU.ActiveCfg = Debug|Any CPU
		{49F4391B-F4CE-4592-A267-EA86B73B9D74}.Debug|Any CPU.Build.0 = Debug|Any CPU
		{49F4391B-F4CE-4592-A267-EA86B73B9D74}.Release|Any CPU.ActiveCfg = Release|Any CPU
		{49F4391B-F4CE-4592-A267-EA86B73B9D74}.Release|Any CPU.Build.0 = Release|Any CPU
		{72ECAF66-E73B-4717-9210-6EEB579C0D52}.Debug|Any CPU.ActiveCfg = Debug|Any CPU
		{72ECAF66-E73B-4717-9210-6EEB579C0D52}.Debug|Any CPU.Build.0 = Debug|Any CPU
		{72ECAF66-E73B-4717-9210-6EEB579C0D52}.Release|Any CPU.ActiveCfg = Release|Any CPU
		{72ECAF66-E73B-4717-9210-6EEB579C0D52}.Release|Any CPU.Build.0 = Release|Any CPU
		{9C19CD7A-71EA-4EE5-99B0-9710FBF28237}.Debug|Any CPU.ActiveCfg = Debug|Any CPU
		{9C19CD7A-71EA-4EE5-99B0-9710FBF28237}.Debug|Any CPU.Build.0 = Debug|Any CPU
		{9C19CD7A-71EA-4EE5-99B0-9710FBF28237}.Release|Any CPU.ActiveCfg = Release|Any CPU
		{9C19CD7A-71EA-4EE5-99B0-9710FBF28237}.Release|Any CPU.Build.0 = Release|Any CPU
		{1B7775B5-FB4C-43AE-BD77-91F831D5A1A9}.Debug|Any CPU.ActiveCfg = Debug|Any CPU
		{1B7775B5-FB4C-43AE-BD77-91F831D5A1A9}.Debug|Any CPU.Build.0 = Debug|Any CPU
		{1B7775B5-FB4C-43AE-BD77-91F831D5A1A9}.Release|Any CPU.ActiveCfg = Release|Any CPU
		{1B7775B5-FB4C-43AE-BD77-91F831D5A1A9}.Release|Any CPU.Build.0 = Release|Any CPU
		{CBA1328C-D9D3-4FCC-AEE9-B9372A75CE7E}.Debug|Any CPU.ActiveCfg = Debug|Any CPU
		{CBA1328C-D9D3-4FCC-AEE9-B9372A75CE7E}.Debug|Any CPU.Build.0 = Debug|Any CPU
		{CBA1328C-D9D3-4FCC-AEE9-B9372A75CE7E}.Release|Any CPU.ActiveCfg = Release|Any CPU
		{CBA1328C-D9D3-4FCC-AEE9-B9372A75CE7E}.Release|Any CPU.Build.0 = Release|Any CPU
		{48E9AD2C-C0A8-4D77-92E4-E8A5256B12A5}.Debug|Any CPU.ActiveCfg = Debug|Any CPU
		{48E9AD2C-C0A8-4D77-92E4-E8A5256B12A5}.Debug|Any CPU.Build.0 = Debug|Any CPU
		{48E9AD2C-C0A8-4D77-92E4-E8A5256B12A5}.Release|Any CPU.ActiveCfg = Release|Any CPU
		{48E9AD2C-C0A8-4D77-92E4-E8A5256B12A5}.Release|Any CPU.Build.0 = Release|Any CPU
		{08793AA3-B561-45A6-BC49-15C0BAD37C67}.Debug|Any CPU.ActiveCfg = Debug|Any CPU
		{08793AA3-B561-45A6-BC49-15C0BAD37C67}.Debug|Any CPU.Build.0 = Debug|Any CPU
		{08793AA3-B561-45A6-BC49-15C0BAD37C67}.Release|Any CPU.ActiveCfg = Release|Any CPU
		{08793AA3-B561-45A6-BC49-15C0BAD37C67}.Release|Any CPU.Build.0 = Release|Any CPU
		{237C34F8-F1C1-4B06-9E64-51DB020328BC}.Debug|Any CPU.ActiveCfg = Debug|Any CPU
		{237C34F8-F1C1-4B06-9E64-51DB020328BC}.Debug|Any CPU.Build.0 = Debug|Any CPU
		{237C34F8-F1C1-4B06-9E64-51DB020328BC}.Release|Any CPU.ActiveCfg = Release|Any CPU
		{237C34F8-F1C1-4B06-9E64-51DB020328BC}.Release|Any CPU.Build.0 = Release|Any CPU
		{E3E00407-7D0F-420C-AB0A-6456BAA6ABC3}.Debug|Any CPU.ActiveCfg = Debug|Any CPU
		{E3E00407-7D0F-420C-AB0A-6456BAA6ABC3}.Debug|Any CPU.Build.0 = Debug|Any CPU
		{E3E00407-7D0F-420C-AB0A-6456BAA6ABC3}.Release|Any CPU.ActiveCfg = Release|Any CPU
		{E3E00407-7D0F-420C-AB0A-6456BAA6ABC3}.Release|Any CPU.Build.0 = Release|Any CPU
		{F9175A7C-272B-4D9A-97EE-A6938F7D4687}.Debug|Any CPU.ActiveCfg = Debug|Any CPU
		{F9175A7C-272B-4D9A-97EE-A6938F7D4687}.Debug|Any CPU.Build.0 = Debug|Any CPU
		{F9175A7C-272B-4D9A-97EE-A6938F7D4687}.Release|Any CPU.ActiveCfg = Release|Any CPU
		{F9175A7C-272B-4D9A-97EE-A6938F7D4687}.Release|Any CPU.Build.0 = Release|Any CPU
		{86020929-7849-41DA-B6E0-42CE7E909E25}.Debug|Any CPU.ActiveCfg = Debug|Any CPU
		{86020929-7849-41DA-B6E0-42CE7E909E25}.Debug|Any CPU.Build.0 = Debug|Any CPU
		{86020929-7849-41DA-B6E0-42CE7E909E25}.Release|Any CPU.ActiveCfg = Release|Any CPU
		{86020929-7849-41DA-B6E0-42CE7E909E25}.Release|Any CPU.Build.0 = Release|Any CPU
		{0B92C886-07C6-4FD9-B445-D674E01A7004}.Debug|Any CPU.ActiveCfg = Debug|Any CPU
		{0B92C886-07C6-4FD9-B445-D674E01A7004}.Debug|Any CPU.Build.0 = Debug|Any CPU
		{0B92C886-07C6-4FD9-B445-D674E01A7004}.Release|Any CPU.ActiveCfg = Release|Any CPU
		{0B92C886-07C6-4FD9-B445-D674E01A7004}.Release|Any CPU.Build.0 = Release|Any CPU
		{89FE854C-15D8-4D3F-803F-150778F4F973}.Debug|Any CPU.ActiveCfg = Debug|Any CPU
		{89FE854C-15D8-4D3F-803F-150778F4F973}.Debug|Any CPU.Build.0 = Debug|Any CPU
		{89FE854C-15D8-4D3F-803F-150778F4F973}.Release|Any CPU.ActiveCfg = Release|Any CPU
		{89FE854C-15D8-4D3F-803F-150778F4F973}.Release|Any CPU.Build.0 = Release|Any CPU
	EndGlobalSection
	GlobalSection(SolutionProperties) = preSolution
		HideSolutionNode = FALSE
	EndGlobalSection
	GlobalSection(ExtensibilityGlobals) = postSolution
		SolutionGuid = {BED50264-38AB-47DB-AC07-E123ADBA9BEA}
	EndGlobalSection
	GlobalSection(Performance) = preSolution
		HasPerformanceSessions = true
	EndGlobalSection
	GlobalSection(Performance) = preSolution
		HasPerformanceSessions = true
	EndGlobalSection
EndGlobal
